// !$*UTF8*$!
{
	archiveVersion = 1;
	classes = {
	};
	objectVersion = 50;
	objects = {

/* Begin PBXBuildFile section */
		CE2523D6242639EC0084314A /* AppDelegate.swift in Sources */ = {isa = PBXBuildFile; fileRef = CE2523D5242639EC0084314A /* AppDelegate.swift */; };
		CE2523DF242639ED0084314A /* Assets.xcassets in Resources */ = {isa = PBXBuildFile; fileRef = CE2523DE242639ED0084314A /* Assets.xcassets */; };
		CE2523E2242639ED0084314A /* LaunchScreen.storyboard in Resources */ = {isa = PBXBuildFile; fileRef = CE2523E0242639ED0084314A /* LaunchScreen.storyboard */; };
		CE2523E924263C450084314A /* UIViewController+Ext.swift in Sources */ = {isa = PBXBuildFile; fileRef = CE2523E824263C450084314A /* UIViewController+Ext.swift */; };
		CE2523EB24263DAC0084314A /* UIColor+Ext.swift in Sources */ = {isa = PBXBuildFile; fileRef = CE2523EA24263DAC0084314A /* UIColor+Ext.swift */; };
		CE2523ED242643540084314A /* TESignView.swift in Sources */ = {isa = PBXBuildFile; fileRef = CE2523EC242643540084314A /* TESignView.swift */; };
		CE2523EF242643F30084314A /* TESignViewController.swift in Sources */ = {isa = PBXBuildFile; fileRef = CE2523EE242643F30084314A /* TESignViewController.swift */; };
		CE2523F1242644230084314A /* TESignViewController.xib in Resources */ = {isa = PBXBuildFile; fileRef = CE2523F0242644230084314A /* TESignViewController.xib */; };
		CE2523F324264A620084314A /* TestViewController.swift in Sources */ = {isa = PBXBuildFile; fileRef = CE2523F224264A620084314A /* TestViewController.swift */; };
/* End PBXBuildFile section */

/* Begin PBXFileReference section */
		CE2523AA2426390A0084314A /* TESign.framework */ = {isa = PBXFileReference; explicitFileType = wrapper.framework; includeInIndex = 0; path = TESign.framework; sourceTree = BUILT_PRODUCTS_DIR; };
		CE2523AE2426390A0084314A /* Info.plist */ = {isa = PBXFileReference; lastKnownFileType = text.plist.xml; path = Info.plist; sourceTree = "<group>"; };
		CE2523D3242639EC0084314A /* TESignExample.app */ = {isa = PBXFileReference; explicitFileType = wrapper.application; includeInIndex = 0; path = TESignExample.app; sourceTree = BUILT_PRODUCTS_DIR; };
		CE2523D5242639EC0084314A /* AppDelegate.swift */ = {isa = PBXFileReference; lastKnownFileType = sourcecode.swift; path = AppDelegate.swift; sourceTree = "<group>"; };
		CE2523DE242639ED0084314A /* Assets.xcassets */ = {isa = PBXFileReference; lastKnownFileType = folder.assetcatalog; path = Assets.xcassets; sourceTree = "<group>"; };
		CE2523E1242639ED0084314A /* Base */ = {isa = PBXFileReference; lastKnownFileType = file.storyboard; name = Base; path = Base.lproj/LaunchScreen.storyboard; sourceTree = "<group>"; };
		CE2523E3242639ED0084314A /* Info.plist */ = {isa = PBXFileReference; lastKnownFileType = text.plist.xml; path = Info.plist; sourceTree = "<group>"; };
		CE2523E824263C450084314A /* UIViewController+Ext.swift */ = {isa = PBXFileReference; lastKnownFileType = sourcecode.swift; path = "UIViewController+Ext.swift"; sourceTree = "<group>"; };
		CE2523EA24263DAC0084314A /* UIColor+Ext.swift */ = {isa = PBXFileReference; lastKnownFileType = sourcecode.swift; path = "UIColor+Ext.swift"; sourceTree = "<group>"; };
		CE2523EC242643540084314A /* TESignView.swift */ = {isa = PBXFileReference; lastKnownFileType = sourcecode.swift; path = TESignView.swift; sourceTree = "<group>"; };
		CE2523EE242643F30084314A /* TESignViewController.swift */ = {isa = PBXFileReference; lastKnownFileType = sourcecode.swift; path = TESignViewController.swift; sourceTree = "<group>"; };
		CE2523F0242644230084314A /* TESignViewController.xib */ = {isa = PBXFileReference; fileEncoding = 4; lastKnownFileType = file.xib; path = TESignViewController.xib; sourceTree = "<group>"; };
		CE2523F224264A620084314A /* TestViewController.swift */ = {isa = PBXFileReference; lastKnownFileType = sourcecode.swift; path = TestViewController.swift; sourceTree = "<group>"; };
/* End PBXFileReference section */

/* Begin PBXFrameworksBuildPhase section */
		CE2523A72426390A0084314A /* Frameworks */ = {
			isa = PBXFrameworksBuildPhase;
			buildActionMask = 2147483647;
			files = (
			);
			runOnlyForDeploymentPostprocessing = 0;
		};
		CE2523D0242639EC0084314A /* Frameworks */ = {
			isa = PBXFrameworksBuildPhase;
			buildActionMask = 2147483647;
			files = (
			);
			runOnlyForDeploymentPostprocessing = 0;
		};
/* End PBXFrameworksBuildPhase section */

/* Begin PBXGroup section */
		CE2523A02426390A0084314A = {
			isa = PBXGroup;
			children = (
				CE2523AC2426390A0084314A /* TESign */,
				CE2523D4242639EC0084314A /* TESignExample */,
				CE2523AB2426390A0084314A /* Products */,
				CE2523F4242652D50084314A /* Frameworks */,
			);
			sourceTree = "<group>";
		};
		CE2523AB2426390A0084314A /* Products */ = {
			isa = PBXGroup;
			children = (
				CE2523AA2426390A0084314A /* TESign.framework */,
				CE2523D3242639EC0084314A /* TESignExample.app */,
			);
			name = Products;
			sourceTree = "<group>";
		};
		CE2523AC2426390A0084314A /* TESign */ = {
			isa = PBXGroup;
			children = (
				CE2523E724263C270084314A /* Extensions */,
				CE2523AE2426390A0084314A /* Info.plist */,
				CE2523EC242643540084314A /* TESignView.swift */,
				CE2523EE242643F30084314A /* TESignViewController.swift */,
				CE2523F0242644230084314A /* TESignViewController.xib */,
			);
			path = TESign;
			sourceTree = "<group>";
		};
		CE2523D4242639EC0084314A /* TESignExample */ = {
			isa = PBXGroup;
			children = (
				CE2523D5242639EC0084314A /* AppDelegate.swift */,
				CE2523DE242639ED0084314A /* Assets.xcassets */,
				CE2523E3242639ED0084314A /* Info.plist */,
				CE2523E0242639ED0084314A /* LaunchScreen.storyboard */,
				CE2523F224264A620084314A /* TestViewController.swift */,
			);
			path = TESignExample;
			sourceTree = "<group>";
		};
		CE2523E724263C270084314A /* Extensions */ = {
			isa = PBXGroup;
			children = (
				CE2523E824263C450084314A /* UIViewController+Ext.swift */,
				CE2523EA24263DAC0084314A /* UIColor+Ext.swift */,
			);
			path = Extensions;
			sourceTree = "<group>";
		};
		CE2523F4242652D50084314A /* Frameworks */ = {
			isa = PBXGroup;
			children = (
			);
			name = Frameworks;
			sourceTree = "<group>";
		};
/* End PBXGroup section */

/* Begin PBXHeadersBuildPhase section */
		CE2523A52426390A0084314A /* Headers */ = {
			isa = PBXHeadersBuildPhase;
			buildActionMask = 2147483647;
			files = (
			);
			runOnlyForDeploymentPostprocessing = 0;
		};
/* End PBXHeadersBuildPhase section */

/* Begin PBXNativeTarget section */
		CE2523A92426390A0084314A /* TESign */ = {
			isa = PBXNativeTarget;
			buildConfigurationList = CE2523B22426390A0084314A /* Build configuration list for PBXNativeTarget "TESign" */;
			buildPhases = (
				CE2523A52426390A0084314A /* Headers */,
				CE2523A62426390A0084314A /* Sources */,
				CE2523A72426390A0084314A /* Frameworks */,
				CE2523A82426390A0084314A /* Resources */,
			);
			buildRules = (
			);
			dependencies = (
			);
			name = TESign;
			productName = TESign;
			productReference = CE2523AA2426390A0084314A /* TESign.framework */;
			productType = "com.apple.product-type.framework";
		};
		CE2523D2242639EC0084314A /* TESignExample */ = {
			isa = PBXNativeTarget;
			buildConfigurationList = CE2523E4242639ED0084314A /* Build configuration list for PBXNativeTarget "TESignExample" */;
			buildPhases = (
				CE2523CF242639EC0084314A /* Sources */,
				CE2523D0242639EC0084314A /* Frameworks */,
				CE2523D1242639EC0084314A /* Resources */,
			);
			buildRules = (
			);
			dependencies = (
			);
			name = TESignExample;
			productName = TESignExample;
			productReference = CE2523D3242639EC0084314A /* TESignExample.app */;
			productType = "com.apple.product-type.application";
		};
/* End PBXNativeTarget section */

/* Begin PBXProject section */
		CE2523A12426390A0084314A /* Project object */ = {
			isa = PBXProject;
			attributes = {
				LastSwiftUpdateCheck = 1130;
				LastUpgradeCheck = 1130;
				ORGANIZATIONNAME = ThinhNguyen;
				TargetAttributes = {
					CE2523A92426390A0084314A = {
						CreatedOnToolsVersion = 11.3.1;
						LastSwiftMigration = 1130;
					};
					CE2523D2242639EC0084314A = {
						CreatedOnToolsVersion = 11.3.1;
					};
				};
			};
			buildConfigurationList = CE2523A42426390A0084314A /* Build configuration list for PBXProject "TESign" */;
			compatibilityVersion = "Xcode 9.3";
			developmentRegion = en;
			hasScannedForEncodings = 0;
			knownRegions = (
				en,
				Base,
			);
			mainGroup = CE2523A02426390A0084314A;
			productRefGroup = CE2523AB2426390A0084314A /* Products */;
			projectDirPath = "";
			projectRoot = "";
			targets = (
				CE2523A92426390A0084314A /* TESign */,
				CE2523D2242639EC0084314A /* TESignExample */,
			);
		};
/* End PBXProject section */

/* Begin PBXResourcesBuildPhase section */
		CE2523A82426390A0084314A /* Resources */ = {
			isa = PBXResourcesBuildPhase;
			buildActionMask = 2147483647;
			files = (
				CE2523F1242644230084314A /* TESignViewController.xib in Resources */,
			);
			runOnlyForDeploymentPostprocessing = 0;
		};
		CE2523D1242639EC0084314A /* Resources */ = {
			isa = PBXResourcesBuildPhase;
			buildActionMask = 2147483647;
			files = (
				CE2523E2242639ED0084314A /* LaunchScreen.storyboard in Resources */,
				CE2523DF242639ED0084314A /* Assets.xcassets in Resources */,
			);
			runOnlyForDeploymentPostprocessing = 0;
		};
/* End PBXResourcesBuildPhase section */

/* Begin PBXSourcesBuildPhase section */
		CE2523A62426390A0084314A /* Sources */ = {
			isa = PBXSourcesBuildPhase;
			buildActionMask = 2147483647;
			files = (
				CE2523E924263C450084314A /* UIViewController+Ext.swift in Sources */,
				CE2523ED242643540084314A /* TESignView.swift in Sources */,
				CE2523EF242643F30084314A /* TESignViewController.swift in Sources */,
				CE2523EB24263DAC0084314A /* UIColor+Ext.swift in Sources */,
			);
			runOnlyForDeploymentPostprocessing = 0;
		};
		CE2523CF242639EC0084314A /* Sources */ = {
			isa = PBXSourcesBuildPhase;
			buildActionMask = 2147483647;
			files = (
				CE2523F324264A620084314A /* TestViewController.swift in Sources */,
				CE2523D6242639EC0084314A /* AppDelegate.swift in Sources */,
			);
			runOnlyForDeploymentPostprocessing = 0;
		};
/* End PBXSourcesBuildPhase section */

/* Begin PBXVariantGroup section */
		CE2523E0242639ED0084314A /* LaunchScreen.storyboard */ = {
			isa = PBXVariantGroup;
			children = (
				CE2523E1242639ED0084314A /* Base */,
			);
			name = LaunchScreen.storyboard;
			sourceTree = "<group>";
		};
/* End PBXVariantGroup section */

/* Begin XCBuildConfiguration section */
		CE2523B02426390A0084314A /* Debug */ = {
			isa = XCBuildConfiguration;
			buildSettings = {
				ALWAYS_SEARCH_USER_PATHS = NO;
				CLANG_ANALYZER_NONNULL = YES;
				CLANG_ANALYZER_NUMBER_OBJECT_CONVERSION = YES_AGGRESSIVE;
				CLANG_CXX_LANGUAGE_STANDARD = "gnu++14";
				CLANG_CXX_LIBRARY = "libc++";
				CLANG_ENABLE_MODULES = YES;
				CLANG_ENABLE_OBJC_ARC = YES;
				CLANG_ENABLE_OBJC_WEAK = YES;
				CLANG_WARN_BLOCK_CAPTURE_AUTORELEASING = YES;
				CLANG_WARN_BOOL_CONVERSION = YES;
				CLANG_WARN_COMMA = YES;
				CLANG_WARN_CONSTANT_CONVERSION = YES;
				CLANG_WARN_DEPRECATED_OBJC_IMPLEMENTATIONS = YES;
				CLANG_WARN_DIRECT_OBJC_ISA_USAGE = YES_ERROR;
				CLANG_WARN_DOCUMENTATION_COMMENTS = YES;
				CLANG_WARN_EMPTY_BODY = YES;
				CLANG_WARN_ENUM_CONVERSION = YES;
				CLANG_WARN_INFINITE_RECURSION = YES;
				CLANG_WARN_INT_CONVERSION = YES;
				CLANG_WARN_NON_LITERAL_NULL_CONVERSION = YES;
				CLANG_WARN_OBJC_IMPLICIT_RETAIN_SELF = YES;
				CLANG_WARN_OBJC_LITERAL_CONVERSION = YES;
				CLANG_WARN_OBJC_ROOT_CLASS = YES_ERROR;
				CLANG_WARN_RANGE_LOOP_ANALYSIS = YES;
				CLANG_WARN_STRICT_PROTOTYPES = YES;
				CLANG_WARN_SUSPICIOUS_MOVE = YES;
				CLANG_WARN_UNGUARDED_AVAILABILITY = YES_AGGRESSIVE;
				CLANG_WARN_UNREACHABLE_CODE = YES;
				CLANG_WARN__DUPLICATE_METHOD_MATCH = YES;
				COPY_PHASE_STRIP = NO;
				CURRENT_PROJECT_VERSION = 1;
				DEBUG_INFORMATION_FORMAT = dwarf;
				ENABLE_STRICT_OBJC_MSGSEND = YES;
				ENABLE_TESTABILITY = YES;
				GCC_C_LANGUAGE_STANDARD = gnu11;
				GCC_DYNAMIC_NO_PIC = NO;
				GCC_NO_COMMON_BLOCKS = YES;
				GCC_OPTIMIZATION_LEVEL = 0;
				GCC_PREPROCESSOR_DEFINITIONS = (
					"DEBUG=1",
					"$(inherited)",
				);
				GCC_WARN_64_TO_32_BIT_CONVERSION = YES;
				GCC_WARN_ABOUT_RETURN_TYPE = YES_ERROR;
				GCC_WARN_UNDECLARED_SELECTOR = YES;
				GCC_WARN_UNINITIALIZED_AUTOS = YES_AGGRESSIVE;
				GCC_WARN_UNUSED_FUNCTION = YES;
				GCC_WARN_UNUSED_VARIABLE = YES;
				IPHONEOS_DEPLOYMENT_TARGET = 11.0;
				MTL_ENABLE_DEBUG_INFO = INCLUDE_SOURCE;
				MTL_FAST_MATH = YES;
				ONLY_ACTIVE_ARCH = YES;
				SDKROOT = iphoneos;
				SWIFT_ACTIVE_COMPILATION_CONDITIONS = DEBUG;
				SWIFT_OPTIMIZATION_LEVEL = "-Onone";
				VERSIONING_SYSTEM = "apple-generic";
				VERSION_INFO_PREFIX = "";
			};
			name = Debug;
		};
		CE2523B12426390A0084314A /* Release */ = {
			isa = XCBuildConfiguration;
			buildSettings = {
				ALWAYS_SEARCH_USER_PATHS = NO;
				CLANG_ANALYZER_NONNULL = YES;
				CLANG_ANALYZER_NUMBER_OBJECT_CONVERSION = YES_AGGRESSIVE;
				CLANG_CXX_LANGUAGE_STANDARD = "gnu++14";
				CLANG_CXX_LIBRARY = "libc++";
				CLANG_ENABLE_MODULES = YES;
				CLANG_ENABLE_OBJC_ARC = YES;
				CLANG_ENABLE_OBJC_WEAK = YES;
				CLANG_WARN_BLOCK_CAPTURE_AUTORELEASING = YES;
				CLANG_WARN_BOOL_CONVERSION = YES;
				CLANG_WARN_COMMA = YES;
				CLANG_WARN_CONSTANT_CONVERSION = YES;
				CLANG_WARN_DEPRECATED_OBJC_IMPLEMENTATIONS = YES;
				CLANG_WARN_DIRECT_OBJC_ISA_USAGE = YES_ERROR;
				CLANG_WARN_DOCUMENTATION_COMMENTS = YES;
				CLANG_WARN_EMPTY_BODY = YES;
				CLANG_WARN_ENUM_CONVERSION = YES;
				CLANG_WARN_INFINITE_RECURSION = YES;
				CLANG_WARN_INT_CONVERSION = YES;
				CLANG_WARN_NON_LITERAL_NULL_CONVERSION = YES;
				CLANG_WARN_OBJC_IMPLICIT_RETAIN_SELF = YES;
				CLANG_WARN_OBJC_LITERAL_CONVERSION = YES;
				CLANG_WARN_OBJC_ROOT_CLASS = YES_ERROR;
				CLANG_WARN_RANGE_LOOP_ANALYSIS = YES;
				CLANG_WARN_STRICT_PROTOTYPES = YES;
				CLANG_WARN_SUSPICIOUS_MOVE = YES;
				CLANG_WARN_UNGUARDED_AVAILABILITY = YES_AGGRESSIVE;
				CLANG_WARN_UNREACHABLE_CODE = YES;
				CLANG_WARN__DUPLICATE_METHOD_MATCH = YES;
				COPY_PHASE_STRIP = NO;
				CURRENT_PROJECT_VERSION = 1;
				DEBUG_INFORMATION_FORMAT = "dwarf-with-dsym";
				ENABLE_NS_ASSERTIONS = NO;
				ENABLE_STRICT_OBJC_MSGSEND = YES;
				GCC_C_LANGUAGE_STANDARD = gnu11;
				GCC_NO_COMMON_BLOCKS = YES;
				GCC_WARN_64_TO_32_BIT_CONVERSION = YES;
				GCC_WARN_ABOUT_RETURN_TYPE = YES_ERROR;
				GCC_WARN_UNDECLARED_SELECTOR = YES;
				GCC_WARN_UNINITIALIZED_AUTOS = YES_AGGRESSIVE;
				GCC_WARN_UNUSED_FUNCTION = YES;
				GCC_WARN_UNUSED_VARIABLE = YES;
				IPHONEOS_DEPLOYMENT_TARGET = 11.0;
				MTL_ENABLE_DEBUG_INFO = NO;
				MTL_FAST_MATH = YES;
				SDKROOT = iphoneos;
				SWIFT_COMPILATION_MODE = wholemodule;
				SWIFT_OPTIMIZATION_LEVEL = "-O";
				VALIDATE_PRODUCT = YES;
				VERSIONING_SYSTEM = "apple-generic";
				VERSION_INFO_PREFIX = "";
			};
			name = Release;
		};
		CE2523B32426390A0084314A /* Debug */ = {
			isa = XCBuildConfiguration;
			buildSettings = {
				CLANG_ENABLE_MODULES = YES;
				CODE_SIGN_STYLE = Automatic;
				DEFINES_MODULE = YES;
				DEVELOPMENT_TEAM = 7HD6YC797B;
				DYLIB_COMPATIBILITY_VERSION = 1;
				DYLIB_CURRENT_VERSION = 1;
				DYLIB_INSTALL_NAME_BASE = "@rpath";
				INFOPLIST_FILE = TESign/Info.plist;
				INSTALL_PATH = "$(LOCAL_LIBRARY_DIR)/Frameworks";
				IPHONEOS_DEPLOYMENT_TARGET = 11.0;
				LD_RUNPATH_SEARCH_PATHS = (
					"$(inherited)",
					"@executable_path/Frameworks",
					"@loader_path/Frameworks",
				);
				PRODUCT_BUNDLE_IDENTIFIER = thinhNguyen.TESign;
				PRODUCT_NAME = "$(TARGET_NAME:c99extidentifier)";
				SKIP_INSTALL = YES;
				SUPPORTS_MACCATALYST = NO;
				SWIFT_INSTALL_OBJC_HEADER = NO;
				SWIFT_OPTIMIZATION_LEVEL = "-Onone";
				SWIFT_VERSION = 5.0;
				TARGETED_DEVICE_FAMILY = "1,2";
			};
			name = Debug;
		};
		CE2523B42426390A0084314A /* Release */ = {
			isa = XCBuildConfiguration;
			buildSettings = {
				CLANG_ENABLE_MODULES = YES;
				CODE_SIGN_STYLE = Automatic;
				DEFINES_MODULE = YES;
				DEVELOPMENT_TEAM = 7HD6YC797B;
				DYLIB_COMPATIBILITY_VERSION = 1;
				DYLIB_CURRENT_VERSION = 1;
				DYLIB_INSTALL_NAME_BASE = "@rpath";
				INFOPLIST_FILE = TESign/Info.plist;
				INSTALL_PATH = "$(LOCAL_LIBRARY_DIR)/Frameworks";
				IPHONEOS_DEPLOYMENT_TARGET = 11.0;
				LD_RUNPATH_SEARCH_PATHS = (
					"$(inherited)",
					"@executable_path/Frameworks",
					"@loader_path/Frameworks",
				);
				PRODUCT_BUNDLE_IDENTIFIER = thinhNguyen.TESign;
				PRODUCT_NAME = "$(TARGET_NAME:c99extidentifier)";
				SKIP_INSTALL = YES;
				SUPPORTS_MACCATALYST = NO;
				SWIFT_INSTALL_OBJC_HEADER = NO;
				SWIFT_VERSION = 5.0;
				TARGETED_DEVICE_FAMILY = "1,2";
			};
			name = Release;
		};
		CE2523E5242639ED0084314A /* Debug */ = {
			isa = XCBuildConfiguration;
			buildSettings = {
				ASSETCATALOG_COMPILER_APPICON_NAME = AppIcon;
				CODE_SIGN_STYLE = Automatic;
				DEVELOPMENT_TEAM = 7HD6YC797B;
				INFOPLIST_FILE = TESignExample/Info.plist;
				IPHONEOS_DEPLOYMENT_TARGET = 11.0;
				LD_RUNPATH_SEARCH_PATHS = (
					"$(inherited)",
					"@executable_path/Frameworks",
				);
				PRODUCT_BUNDLE_IDENTIFIER = thinhNguyen.TESignExample;
				PRODUCT_NAME = "$(TARGET_NAME)";
				SWIFT_VERSION = 5.0;
				TARGETED_DEVICE_FAMILY = "1,2";
			};
			name = Debug;
		};
		CE2523E6242639ED0084314A /* Release */ = {
			isa = XCBuildConfiguration;
			buildSettings = {
				ASSETCATALOG_COMPILER_APPICON_NAME = AppIcon;
				CODE_SIGN_STYLE = Automatic;
				DEVELOPMENT_TEAM = 7HD6YC797B;
				INFOPLIST_FILE = TESignExample/Info.plist;
				IPHONEOS_DEPLOYMENT_TARGET = 11.0;
				LD_RUNPATH_SEARCH_PATHS = (
					"$(inherited)",
					"@executable_path/Frameworks",
				);
				PRODUCT_BUNDLE_IDENTIFIER = thinhNguyen.TESignExample;
				PRODUCT_NAME = "$(TARGET_NAME)";
				SWIFT_VERSION = 5.0;
				TARGETED_DEVICE_FAMILY = "1,2";
			};
			name = Release;
		};
/* End XCBuildConfiguration section */

/* Begin XCConfigurationList section */
		CE2523A42426390A0084314A /* Build configuration list for PBXProject "TESign" */ = {
			isa = XCConfigurationList;
			buildConfigurations = (
				CE2523B02426390A0084314A /* Debug */,
				CE2523B12426390A0084314A /* Release */,
			);
			defaultConfigurationIsVisible = 0;
			defaultConfigurationName = Release;
		};
		CE2523B22426390A0084314A /* Build configuration list for PBXNativeTarget "TESign" */ = {
			isa = XCConfigurationList;
			buildConfigurations = (
				CE2523B32426390A0084314A /* Debug */,
				CE2523B42426390A0084314A /* Release */,
			);
			defaultConfigurationIsVisible = 0;
			defaultConfigurationName = Release;
		};
		CE2523E4242639ED0084314A /* Build configuration list for PBXNativeTarget "TESignExample" */ = {
			isa = XCConfigurationList;
			buildConfigurations = (
				CE2523E5242639ED0084314A /* Debug */,
				CE2523E6242639ED0084314A /* Release */,
			);
			defaultConfigurationIsVisible = 0;
			defaultConfigurationName = Release;
		};
/* End XCConfigurationList section */
	};
	rootObject = CE2523A12426390A0084314A /* Project object */;
}
